{
  "name": "ovhl-core-devtools",
  "version": "2.0.0",
  "description": "Omniverse Highland OS - Unified Node Toolchain",
  "private": true,
  "type": "module",
  "main": "Tools/devtools.js",
  "scripts": {
    "start": "node Tools/devtools.js",
    "init": "node Tools/devtools.js init",
    "create:module": "node Tools/devtools.js create:module",
    "create:game": "node Tools/devtools.js create:game",
    "check:core": "node Tools/devtools.js check:core",
    "run:task": "node Tools/devtools.js run:task"
  },
  "author": "Hanif Saifudin + Rblox Copilot 🤖🔧",
  "license": "MIT",
  "dependencies": {
    "chalk": "^5.3.0",
    "cli-progress": "^3.12.0",
    "ora": "^8.1.0",
    "fs-extra": "^11.2.0",
    "inquirer": "^9.2.20"
  }
}